
Microsoft Visual Studio Solution File, Format Version 12.00
# Visual Studio 15
VisualStudioVersion = 15.0.28010.2041
MinimumVisualStudioVersion = 10.0.40219.1
Project("{FAE04EC0-301F-11D3-BF4B-00C04F79EFBC}") = "Zegar", "Zegar\Zegar.csproj", "{A645B31E-CDAC-42B1-8198-F3DA68B45571}"
EndProject
Global
	GlobalSection(SolutionConfigurationPlatforms) = preSolution
		Debug|Any CPU = Debug|Any CPU
		Release|Any CPU = Release|Any CPU
	EndGlobalSection
	GlobalSection(ProjectConfigurationPlatforms) = postSolution
		{A645B31E-CDAC-42B1-8198-F3DA68B45571}.Debug|Any CPU.ActiveCfg = Debug|Any CPU
		{A645B31E-CDAC-42B1-8198-F3DA68B45571}.Debug|Any CPU.Build.0 = Debug|Any CPU
		{A645B31E-CDAC-42B1-8198-F3DA68B45571}.Release|Any CPU.ActiveCfg = Release|Any CPU
		{A645B31E-CDAC-42B1-8198-F3DA68B45571}.Release|Any CPU.Build.0 = Release|Any CPU
	EndGlobalSection
	GlobalSection(SolutionProperties) = preSolution
		HideSolutionNode = FALSE
	EndGlobalSection
	GlobalSection(ExtensibilityGlobals) = postSolution
		SolutionGuid = {86275A21-3EA7-4DEB-A0AF-358875012E52}
	EndGlobalSection
EndGlobal
